// !$*UTF8*$!
{
	archiveVersion = 1;
	classes = {
	};
	objectVersion = 63;
	objects = {

/* Begin PBXBuildFile section */
		01CB43B4E8C9EEDA42BFF9A0 /* Manrope-Light.ttf in Resources */ = {isa = PBXBuildFile; fileRef = EA17556914830773C349ABD3 /* Manrope-Light.ttf */; };
		0C6C56C301641119DCB0CE5A /* KeychainStore.swift in Sources */ = {isa = PBXBuildFile; fileRef = 6B4C334CC72E1A91C57A76C0 /* KeychainStore.swift */; };
		1CD33D758E0CDE3FF7AD41EC /* IRefairButtonStyles.swift in Sources */ = {isa = PBXBuildFile; fileRef = 310705599E00756B500143AB /* IRefairButtonStyles.swift */; };
		22012686E049ED4D2B8E06B6 /* Telemetry.swift in Sources */ = {isa = PBXBuildFile; fileRef = E8DD4B6A10712905F81F3EE6 /* Telemetry.swift */; };
		245E02D10EB00EDF87F9EAD8 /* Localization.swift in Sources */ = {isa = PBXBuildFile; fileRef = 94FBD882B6C6C4CB9761297D /* Localization.swift */; };
		29930467CDFB0EFB53C67A25 /* ApplicantView.swift in Sources */ = {isa = PBXBuildFile; fileRef = E7175E6856EE1CF8C0BF1BDA /* ApplicantView.swift */; };
		29E25F39FB4053DA6482E56A /* IRefairForm.swift in Sources */ = {isa = PBXBuildFile; fileRef = 4DCB40F7C8AC9F4748B4B1D2 /* IRefairForm.swift */; };
		2CCE2CF3A67D0D55DB3131E6 /* CountryData.swift in Sources */ = {isa = PBXBuildFile; fileRef = 555C66919B14E812CEDA1A0F /* CountryData.swift */; };
		3120372A76F9F30A8AD588D3 /* AppState.swift in Sources */ = {isa = PBXBuildFile; fileRef = 3526C4D3FC073C79ED03B293 /* AppState.swift */; };
		314469237E73EDB8324551E4 /* APIClient.swift in Sources */ = {isa = PBXBuildFile; fileRef = E141D93A7E08DE450C6ED81F /* APIClient.swift */; };
		33307821AE8D39529D5C3DBA /* Sentry in Frameworks */ = {isa = PBXBuildFile; productRef = 41FDF510170AFF76E32F2C0F /* Sentry */; };
		3338326BCD08AD1556DF3E22 /* Assets.xcassets in Resources */ = {isa = PBXBuildFile; fileRef = C5026EADAE06C7187546D475 /* Assets.xcassets */; };
		468CAE4DBA3FA1915FFD92E7 /* ReferrerView.swift in Sources */ = {isa = PBXBuildFile; fileRef = 0AE0C8F11B767D285AFB881F /* ReferrerView.swift */; };
		4B11D2BF90ECEE60817DB08A /* FileReader.swift in Sources */ = {isa = PBXBuildFile; fileRef = F0BC0692168CE582EA4AF047 /* FileReader.swift */; };
		4D81CA3D1451B4BA89AFF230 /* Manrope-Regular.ttf in Resources */ = {isa = PBXBuildFile; fileRef = EB6810485DC434FF6E349FD5 /* Manrope-Regular.ttf */; };
		548B8FF3BF06EB6CB74152B3 /* Theme.swift in Sources */ = {isa = PBXBuildFile; fileRef = C7B59C7BD199A141AE4833F3 /* Theme.swift */; };
		56E26E86EF35450A9D8BCB66 /* IRefairInputStyles.swift in Sources */ = {isa = PBXBuildFile; fileRef = A254AB8F1004452F94E9C331 /* IRefairInputStyles.swift */; };
		59BE841C9DF13A54BD235FE3 /* Manrope-Bold.ttf in Resources */ = {isa = PBXBuildFile; fileRef = 806DFDE6F12D23EC9B6BA214 /* Manrope-Bold.ttf */; };
		6081A6285E3C460596CEA26F /* IRefairSection.swift in Sources */ = {isa = PBXBuildFile; fileRef = 2B07706361484B7C9E4EA8E0 /* IRefairSection.swift */; };
		65D6D2092AEE681429E15550 /* Manrope-ExtraBold.ttf in Resources */ = {isa = PBXBuildFile; fileRef = 44A8E4329C9F21005E71FD78 /* Manrope-ExtraBold.ttf */; };
		6643679DC9CCDBB81B786909 /* iRefairApp.swift in Sources */ = {isa = PBXBuildFile; fileRef = F1875FA483C7F2A9B4A88132 /* iRefairApp.swift */; };
		6F171B620EE7E5C0E44D5912 /* Validation.swift in Sources */ = {isa = PBXBuildFile; fileRef = A5263E76882577A6A0DD62C5 /* Validation.swift */; };
		7528C4F69271786C9B361A25 /* FeedbackSheet.swift in Sources */ = {isa = PBXBuildFile; fileRef = 442C8FE20D0065C88B197A0E /* FeedbackSheet.swift */; };
		85DC4C09AE2797D28C5BD414 /* MultipartFormData.swift in Sources */ = {isa = PBXBuildFile; fileRef = 568191C610DCD4BE013FCF54 /* MultipartFormData.swift */; };
		89DF5A9FEA386FC5C43B7F57 /* Manrope-ExtraLight.ttf in Resources */ = {isa = PBXBuildFile; fileRef = 68D33042B7D63CD050AEDCEF /* Manrope-ExtraLight.ttf */; };
		8D6594F805C68A3B39502F9A /* ContentView.swift in Sources */ = {isa = PBXBuildFile; fileRef = C4DD007EE943D626F834A4B0 /* ContentView.swift */; };
		93A78013420DC23B45F603A6 /* ApplyView.swift in Sources */ = {isa = PBXBuildFile; fileRef = DDE4D7C44AC4EEACAA9B422C /* ApplyView.swift */; };
		A2EA45701FE8C4D28F6EB61A /* SettingsView.swift in Sources */ = {isa = PBXBuildFile; fileRef = 385A08CB88253605E5C6D000 /* SettingsView.swift */; };
		A480740D61EF20B786598A13 /* NetworkMonitor.swift in Sources */ = {isa = PBXBuildFile; fileRef = 2013674F2145E9C230628611 /* NetworkMonitor.swift */; };
		A7F1C0D8F2B44E1298B7A2C3 /* HiringCompaniesView.swift in Sources */ = {isa = PBXBuildFile; fileRef = 9F3B5C7D1A2E4F6B8C9D0E1F /* HiringCompaniesView.swift */; };
		AD4EDD21CEFD45E5268CC09F /* Localizable.strings in Resources */ = {isa = PBXBuildFile; fileRef = CD4E954B0AC038EF087639D2 /* Localizable.strings */; };
		B6C7D8E9F001122334455667 /* ParticlesBackground.swift in Sources */ = {isa = PBXBuildFile; fileRef = A1B2C3D4E5F60718293A4B5C /* ParticlesBackground.swift */; };
		BE207861F9BB28C0BBDC300E /* DocumentPicker.swift in Sources */ = {isa = PBXBuildFile; fileRef = AB82BB341BAE41193A29F69A /* DocumentPicker.swift */; };
		C3F75187AE724FC3F5DC7406 /* ReferrerRegistrationView.swift in Sources */ = {isa = PBXBuildFile; fileRef = E744DAB140CFB0C1A13C72B6 /* ReferrerRegistrationView.swift */; };
		CF038ECBC1A3005074C7FFD1 /* Manrope-Medium.ttf in Resources */ = {isa = PBXBuildFile; fileRef = 415FA2C3067F0814F89C2A7E /* Manrope-Medium.ttf */; };
		CF65460D6FEA3892980C7469 /* StatusBanner.swift in Sources */ = {isa = PBXBuildFile; fileRef = EF4F200D6680A818277F37D0 /* StatusBanner.swift */; };
		D2600640B85E91F43373D8F5 /* APIModels.swift in Sources */ = {isa = PBXBuildFile; fileRef = 232A951BBA3F371CBAF2D053 /* APIModels.swift */; };
		E64F576F68877008C9C34688 /* ReferrerPortalView.swift in Sources */ = {isa = PBXBuildFile; fileRef = 4CA6D5DFC4EBE68021E45014 /* ReferrerPortalView.swift */; };
		EE71D61FE9A0C26EBE9838AD /* InfoPlist.strings in Resources */ = {isa = PBXBuildFile; fileRef = 5F22F0CEA10D6EDD07A1C163 /* InfoPlist.strings */; };
		FA419217D06AF1953B3EAA68 /* Manrope-SemiBold.ttf in Resources */ = {isa = PBXBuildFile; fileRef = 9BBAF1A75BD0FE1659D40157 /* Manrope-SemiBold.ttf */; };
/* End PBXBuildFile section */

/* Begin PBXFileReference section */
		0AE0C8F11B767D285AFB881F /* ReferrerView.swift */ = {isa = PBXFileReference; lastKnownFileType = sourcecode.swift; path = ReferrerView.swift; sourceTree = "<group>"; };
		12F5BF043515B1D068508B84 /* fr */ = {isa = PBXFileReference; lastKnownFileType = text.plist.strings; name = fr; path = fr.lproj/InfoPlist.strings; sourceTree = "<group>"; };
		2013674F2145E9C230628611 /* NetworkMonitor.swift */ = {isa = PBXFileReference; lastKnownFileType = sourcecode.swift; path = NetworkMonitor.swift; sourceTree = "<group>"; };
		232A951BBA3F371CBAF2D053 /* APIModels.swift */ = {isa = PBXFileReference; lastKnownFileType = sourcecode.swift; path = APIModels.swift; sourceTree = "<group>"; };
		2B07706361484B7C9E4EA8E0 /* IRefairSection.swift */ = {isa = PBXFileReference; lastKnownFileType = sourcecode.swift; path = IRefairSection.swift; sourceTree = "<group>"; };
		310705599E00756B500143AB /* IRefairButtonStyles.swift */ = {isa = PBXFileReference; lastKnownFileType = sourcecode.swift; path = IRefairButtonStyles.swift; sourceTree = "<group>"; };
		3526C4D3FC073C79ED03B293 /* AppState.swift */ = {isa = PBXFileReference; lastKnownFileType = sourcecode.swift; path = AppState.swift; sourceTree = "<group>"; };
		385A08CB88253605E5C6D000 /* SettingsView.swift */ = {isa = PBXFileReference; lastKnownFileType = sourcecode.swift; path = SettingsView.swift; sourceTree = "<group>"; };
		415FA2C3067F0814F89C2A7E /* Manrope-Medium.ttf */ = {isa = PBXFileReference; lastKnownFileType = file; path = "Manrope-Medium.ttf"; sourceTree = "<group>"; };
		442C8FE20D0065C88B197A0E /* FeedbackSheet.swift */ = {isa = PBXFileReference; lastKnownFileType = sourcecode.swift; path = FeedbackSheet.swift; sourceTree = "<group>"; };
		445C438DB495C6AA7140E474 /* iRefair.app */ = {isa = PBXFileReference; explicitFileType = wrapper.application; includeInIndex = 0; path = iRefair.app; sourceTree = BUILT_PRODUCTS_DIR; };
		4498986BFB4411A3B6B525D6 /* en */ = {isa = PBXFileReference; lastKnownFileType = text.plist.strings; name = en; path = en.lproj/InfoPlist.strings; sourceTree = "<group>"; };
		44A8E4329C9F21005E71FD78 /* Manrope-ExtraBold.ttf */ = {isa = PBXFileReference; lastKnownFileType = file; path = "Manrope-ExtraBold.ttf"; sourceTree = "<group>"; };
		4CA6D5DFC4EBE68021E45014 /* ReferrerPortalView.swift */ = {isa = PBXFileReference; lastKnownFileType = sourcecode.swift; path = ReferrerPortalView.swift; sourceTree = "<group>"; };
		4DCB40F7C8AC9F4748B4B1D2 /* IRefairForm.swift */ = {isa = PBXFileReference; lastKnownFileType = sourcecode.swift; path = IRefairForm.swift; sourceTree = "<group>"; };
		555C66919B14E812CEDA1A0F /* CountryData.swift */ = {isa = PBXFileReference; lastKnownFileType = sourcecode.swift; path = CountryData.swift; sourceTree = "<group>"; };
		568191C610DCD4BE013FCF54 /* MultipartFormData.swift */ = {isa = PBXFileReference; lastKnownFileType = sourcecode.swift; path = MultipartFormData.swift; sourceTree = "<group>"; };
		62A813E10C7B7173C11FB63E /* en */ = {isa = PBXFileReference; lastKnownFileType = text.plist.strings; name = en; path = en.lproj/Localizable.strings; sourceTree = "<group>"; };
		68D33042B7D63CD050AEDCEF /* Manrope-ExtraLight.ttf */ = {isa = PBXFileReference; lastKnownFileType = file; path = "Manrope-ExtraLight.ttf"; sourceTree = "<group>"; };
		6B4C334CC72E1A91C57A76C0 /* KeychainStore.swift */ = {isa = PBXFileReference; lastKnownFileType = sourcecode.swift; path = KeychainStore.swift; sourceTree = "<group>"; };
		806DFDE6F12D23EC9B6BA214 /* Manrope-Bold.ttf */ = {isa = PBXFileReference; lastKnownFileType = file; path = "Manrope-Bold.ttf"; sourceTree = "<group>"; };
		94FBD882B6C6C4CB9761297D /* Localization.swift */ = {isa = PBXFileReference; lastKnownFileType = sourcecode.swift; path = Localization.swift; sourceTree = "<group>"; };
		9BBAF1A75BD0FE1659D40157 /* Manrope-SemiBold.ttf */ = {isa = PBXFileReference; lastKnownFileType = file; path = "Manrope-SemiBold.ttf"; sourceTree = "<group>"; };
		9F3B5C7D1A2E4F6B8C9D0E1F /* HiringCompaniesView.swift */ = {isa = PBXFileReference; lastKnownFileType = sourcecode.swift; path = HiringCompaniesView.swift; sourceTree = "<group>"; };
		A1B2C3D4E5F60718293A4B5C /* ParticlesBackground.swift */ = {isa = PBXFileReference; lastKnownFileType = sourcecode.swift; path = ParticlesBackground.swift; sourceTree = "<group>"; };
		A254AB8F1004452F94E9C331 /* IRefairInputStyles.swift */ = {isa = PBXFileReference; lastKnownFileType = sourcecode.swift; path = IRefairInputStyles.swift; sourceTree = "<group>"; };
		A5263E76882577A6A0DD62C5 /* Validation.swift */ = {isa = PBXFileReference; lastKnownFileType = sourcecode.swift; path = Validation.swift; sourceTree = "<group>"; };
		AB82BB341BAE41193A29F69A /* DocumentPicker.swift */ = {isa = PBXFileReference; lastKnownFileType = sourcecode.swift; path = DocumentPicker.swift; sourceTree = "<group>"; };
		C2D05710079E34D5B851F76F /* iRefairApp.entitlements */ = {isa = PBXFileReference; lastKnownFileType = text.plist.entitlements; path = iRefairApp.entitlements; sourceTree = "<group>"; };
		C4DD007EE943D626F834A4B0 /* ContentView.swift */ = {isa = PBXFileReference; lastKnownFileType = sourcecode.swift; path = ContentView.swift; sourceTree = "<group>"; };
		C5026EADAE06C7187546D475 /* Assets.xcassets */ = {isa = PBXFileReference; lastKnownFileType = folder.assetcatalog; path = Assets.xcassets; sourceTree = "<group>"; };
		C7B59C7BD199A141AE4833F3 /* Theme.swift */ = {isa = PBXFileReference; lastKnownFileType = sourcecode.swift; path = Theme.swift; sourceTree = "<group>"; };
		D6C1273FA556B1A018CC35B3 /* Info.plist */ = {isa = PBXFileReference; lastKnownFileType = text.plist; path = Info.plist; sourceTree = "<group>"; };
		DDE4D7C44AC4EEACAA9B422C /* ApplyView.swift */ = {isa = PBXFileReference; lastKnownFileType = sourcecode.swift; path = ApplyView.swift; sourceTree = "<group>"; };
		E141D93A7E08DE450C6ED81F /* APIClient.swift */ = {isa = PBXFileReference; lastKnownFileType = sourcecode.swift; path = APIClient.swift; sourceTree = "<group>"; };
		E7175E6856EE1CF8C0BF1BDA /* ApplicantView.swift */ = {isa = PBXFileReference; lastKnownFileType = sourcecode.swift; path = ApplicantView.swift; sourceTree = "<group>"; };
		E744DAB140CFB0C1A13C72B6 /* ReferrerRegistrationView.swift */ = {isa = PBXFileReference; lastKnownFileType = sourcecode.swift; path = ReferrerRegistrationView.swift; sourceTree = "<group>"; };
		E8DD4B6A10712905F81F3EE6 /* Telemetry.swift */ = {isa = PBXFileReference; lastKnownFileType = sourcecode.swift; path = Telemetry.swift; sourceTree = "<group>"; };
		EA17556914830773C349ABD3 /* Manrope-Light.ttf */ = {isa = PBXFileReference; lastKnownFileType = file; path = "Manrope-Light.ttf"; sourceTree = "<group>"; };
		EB6810485DC434FF6E349FD5 /* Manrope-Regular.ttf */ = {isa = PBXFileReference; lastKnownFileType = file; path = "Manrope-Regular.ttf"; sourceTree = "<group>"; };
		EF4F200D6680A818277F37D0 /* StatusBanner.swift */ = {isa = PBXFileReference; lastKnownFileType = sourcecode.swift; path = StatusBanner.swift; sourceTree = "<group>"; };
		F0BC0692168CE582EA4AF047 /* FileReader.swift */ = {isa = PBXFileReference; lastKnownFileType = sourcecode.swift; path = FileReader.swift; sourceTree = "<group>"; };
		F1875FA483C7F2A9B4A88132 /* iRefairApp.swift */ = {isa = PBXFileReference; lastKnownFileType = sourcecode.swift; path = iRefairApp.swift; sourceTree = "<group>"; };
		FF34314CEFD6D5F1B947291B /* fr */ = {isa = PBXFileReference; lastKnownFileType = text.plist.strings; name = fr; path = fr.lproj/Localizable.strings; sourceTree = "<group>"; };
/* End PBXFileReference section */

/* Begin PBXFrameworksBuildPhase section */
		DC91D6E465C0F7681134E9D9 /* Frameworks */ = {
			isa = PBXFrameworksBuildPhase;
			buildActionMask = 2147483647;
			files = (
				33307821AE8D39529D5C3DBA /* Sentry in Frameworks */,
			);
			runOnlyForDeploymentPostprocessing = 0;
		};
/* End PBXFrameworksBuildPhase section */

/* Begin PBXGroup section */
		0E4358A70A48E7DA66851F96 /* Settings */ = {
			isa = PBXGroup;
			children = (
				385A08CB88253605E5C6D000 /* SettingsView.swift */,
			);
			path = Settings;
			sourceTree = "<group>";
		};
		174D4DAE66F5EF504BADCD69 = {
			isa = PBXGroup;
			children = (
				57DA5F313A3A1AB46A73FD7F /* iRefairApp */,
				24DF805135AA50028464F37E /* Products */,
			);
			sourceTree = "<group>";
		};
		24DF805135AA50028464F37E /* Products */ = {
			isa = PBXGroup;
			children = (
				445C438DB495C6AA7140E474 /* iRefair.app */,
			);
			name = Products;
			sourceTree = "<group>";
		};
		3023BCA2D991DF2399BDE240 /* Components */ = {
			isa = PBXGroup;
			children = (
				AB82BB341BAE41193A29F69A /* DocumentPicker.swift */,
				310705599E00756B500143AB /* IRefairButtonStyles.swift */,
				4DCB40F7C8AC9F4748B4B1D2 /* IRefairForm.swift */,
				A254AB8F1004452F94E9C331 /* IRefairInputStyles.swift */,
				2B07706361484B7C9E4EA8E0 /* IRefairSection.swift */,
				A1B2C3D4E5F60718293A4B5C /* ParticlesBackground.swift */,
				EF4F200D6680A818277F37D0 /* StatusBanner.swift */,
			);
			path = Components;
			sourceTree = "<group>";
		};
		373B59F3477814ADFF3244C7 /* Utilities */ = {
			isa = PBXGroup;
			children = (
				3526C4D3FC073C79ED03B293 /* AppState.swift */,
				555C66919B14E812CEDA1A0F /* CountryData.swift */,
				F0BC0692168CE582EA4AF047 /* FileReader.swift */,
				6B4C334CC72E1A91C57A76C0 /* KeychainStore.swift */,
				94FBD882B6C6C4CB9761297D /* Localization.swift */,
				568191C610DCD4BE013FCF54 /* MultipartFormData.swift */,
				2013674F2145E9C230628611 /* NetworkMonitor.swift */,
				E8DD4B6A10712905F81F3EE6 /* Telemetry.swift */,
				C7B59C7BD199A141AE4833F3 /* Theme.swift */,
				A5263E76882577A6A0DD62C5 /* Validation.swift */,
			);
			path = Utilities;
			sourceTree = "<group>";
		};
		57DA5F313A3A1AB46A73FD7F /* iRefairApp */ = {
			isa = PBXGroup;
			children = (
				C4DD007EE943D626F834A4B0 /* ContentView.swift */,
				D6C1273FA556B1A018CC35B3 /* Info.plist */,
				C2D05710079E34D5B851F76F /* iRefairApp.entitlements */,
				F1875FA483C7F2A9B4A88132 /* iRefairApp.swift */,
				3023BCA2D991DF2399BDE240 /* Components */,
				77283DE5772C0D385BD9D750 /* Models */,
				A6FAEE64B81BE0E422632CAC /* Networking */,
				58AAA48E87040636709AFE01 /* Resources */,
				373B59F3477814ADFF3244C7 /* Utilities */,
				8C050F32A2E635FB94FB2A95 /* Views */,
			);
			path = iRefairApp;
			sourceTree = "<group>";
		};
		58AAA48E87040636709AFE01 /* Resources */ = {
			isa = PBXGroup;
			children = (
				5F22F0CEA10D6EDD07A1C163 /* InfoPlist.strings */,
				CD4E954B0AC038EF087639D2 /* Localizable.strings */,
				C5026EADAE06C7187546D475 /* Assets.xcassets */,
				BA2712ED1D7ECCDE7933ED13 /* Fonts */,
			);
			path = Resources;
			sourceTree = "<group>";
		};
		77283DE5772C0D385BD9D750 /* Models */ = {
			isa = PBXGroup;
			children = (
				232A951BBA3F371CBAF2D053 /* APIModels.swift */,
			);
			path = Models;
			sourceTree = "<group>";
		};
		8C050F32A2E635FB94FB2A95 /* Views */ = {
			isa = PBXGroup;
			children = (
				BACC4D230AECBEE48337E6B5 /* Applicant */,
				C49D3B468652C345CBCF8A89 /* Apply */,
				EF6AE600560DB24913989F75 /* Referrer */,
				0E4358A70A48E7DA66851F96 /* Settings */,
			);
			path = Views;
			sourceTree = "<group>";
		};
		A6FAEE64B81BE0E422632CAC /* Networking */ = {
			isa = PBXGroup;
			children = (
				E141D93A7E08DE450C6ED81F /* APIClient.swift */,
			);
			path = Networking;
			sourceTree = "<group>";
		};
		BA2712ED1D7ECCDE7933ED13 /* Fonts */ = {
			isa = PBXGroup;
			children = (
				806DFDE6F12D23EC9B6BA214 /* Manrope-Bold.ttf */,
				44A8E4329C9F21005E71FD78 /* Manrope-ExtraBold.ttf */,
				68D33042B7D63CD050AEDCEF /* Manrope-ExtraLight.ttf */,
				EA17556914830773C349ABD3 /* Manrope-Light.ttf */,
				415FA2C3067F0814F89C2A7E /* Manrope-Medium.ttf */,
				EB6810485DC434FF6E349FD5 /* Manrope-Regular.ttf */,
				9BBAF1A75BD0FE1659D40157 /* Manrope-SemiBold.ttf */,
			);
			path = Fonts;
			sourceTree = "<group>";
		};
		BACC4D230AECBEE48337E6B5 /* Applicant */ = {
			isa = PBXGroup;
			children = (
				E7175E6856EE1CF8C0BF1BDA /* ApplicantView.swift */,
			);
			path = Applicant;
			sourceTree = "<group>";
		};
		C49D3B468652C345CBCF8A89 /* Apply */ = {
			isa = PBXGroup;
			children = (
				DDE4D7C44AC4EEACAA9B422C /* ApplyView.swift */,
				9F3B5C7D1A2E4F6B8C9D0E1F /* HiringCompaniesView.swift */,
			);
			path = Apply;
			sourceTree = "<group>";
		};
		EF6AE600560DB24913989F75 /* Referrer */ = {
			isa = PBXGroup;
			children = (
				442C8FE20D0065C88B197A0E /* FeedbackSheet.swift */,
				4CA6D5DFC4EBE68021E45014 /* ReferrerPortalView.swift */,
				E744DAB140CFB0C1A13C72B6 /* ReferrerRegistrationView.swift */,
				0AE0C8F11B767D285AFB881F /* ReferrerView.swift */,
			);
			path = Referrer;
			sourceTree = "<group>";
		};
/* End PBXGroup section */

/* Begin PBXNativeTarget section */
		16C3AC72CB41CC75A7731E6E /* iRefair */ = {
			isa = PBXNativeTarget;
			buildConfigurationList = 59CEDB841432F9C0A923301B /* Build configuration list for PBXNativeTarget "iRefair" */;
			buildPhases = (
				5BB0F618E52C804C5EC4C4EE /* Sources */,
				FB3182846F8B67AA64F13257 /* Resources */,
				DC91D6E465C0F7681134E9D9 /* Frameworks */,
			);
			buildRules = (
			);
			dependencies = (
			);
			name = iRefair;
			packageProductDependencies = (
				41FDF510170AFF76E32F2C0F /* Sentry */,
			);
			productName = iRefair;
			productReference = 445C438DB495C6AA7140E474 /* iRefair.app */;
			productType = "com.apple.product-type.application";
		};
/* End PBXNativeTarget section */

/* Begin PBXProject section */
		829D8750B46BDCA3304322CA /* Project object */ = {
			isa = PBXProject;
			attributes = {
				BuildIndependentTargetsInParallel = YES;
				LastUpgradeCheck = 1430;
			};
			buildConfigurationList = 3A392503297EBE1AA1DE2290 /* Build configuration list for PBXProject "iRefair" */;
			compatibilityVersion = "Xcode 14.0";
			developmentRegion = en;
			hasScannedForEncodings = 0;
			knownRegions = (
				Base,
				en,
				fr,
			);
			mainGroup = 174D4DAE66F5EF504BADCD69;
			minimizedProjectReferenceProxies = 1;
			packageReferences = (
				3793435ED326579598C0A828 /* XCRemoteSwiftPackageReference "sentry-cocoa" */,
			);
			projectDirPath = "";
			projectRoot = "";
			targets = (
				16C3AC72CB41CC75A7731E6E /* iRefair */,
			);
		};
/* End PBXProject section */

/* Begin PBXResourcesBuildPhase section */
		FB3182846F8B67AA64F13257 /* Resources */ = {
			isa = PBXResourcesBuildPhase;
			buildActionMask = 2147483647;
			files = (
				EE71D61FE9A0C26EBE9838AD /* InfoPlist.strings in Resources */,
				AD4EDD21CEFD45E5268CC09F /* Localizable.strings in Resources */,
				3338326BCD08AD1556DF3E22 /* Assets.xcassets in Resources */,
				59BE841C9DF13A54BD235FE3 /* Manrope-Bold.ttf in Resources */,
				65D6D2092AEE681429E15550 /* Manrope-ExtraBold.ttf in Resources */,
				89DF5A9FEA386FC5C43B7F57 /* Manrope-ExtraLight.ttf in Resources */,
				01CB43B4E8C9EEDA42BFF9A0 /* Manrope-Light.ttf in Resources */,
				CF038ECBC1A3005074C7FFD1 /* Manrope-Medium.ttf in Resources */,
				4D81CA3D1451B4BA89AFF230 /* Manrope-Regular.ttf in Resources */,
				FA419217D06AF1953B3EAA68 /* Manrope-SemiBold.ttf in Resources */,
			);
			runOnlyForDeploymentPostprocessing = 0;
		};
/* End PBXResourcesBuildPhase section */

/* Begin PBXSourcesBuildPhase section */
		5BB0F618E52C804C5EC4C4EE /* Sources */ = {
			isa = PBXSourcesBuildPhase;
			buildActionMask = 2147483647;
			files = (
				314469237E73EDB8324551E4 /* APIClient.swift in Sources */,
				D2600640B85E91F43373D8F5 /* APIModels.swift in Sources */,
				3120372A76F9F30A8AD588D3 /* AppState.swift in Sources */,
				29930467CDFB0EFB53C67A25 /* ApplicantView.swift in Sources */,
				93A78013420DC23B45F603A6 /* ApplyView.swift in Sources */,
				A7F1C0D8F2B44E1298B7A2C3 /* HiringCompaniesView.swift in Sources */,
				8D6594F805C68A3B39502F9A /* ContentView.swift in Sources */,
				2CCE2CF3A67D0D55DB3131E6 /* CountryData.swift in Sources */,
				BE207861F9BB28C0BBDC300E /* DocumentPicker.swift in Sources */,
				7528C4F69271786C9B361A25 /* FeedbackSheet.swift in Sources */,
				4B11D2BF90ECEE60817DB08A /* FileReader.swift in Sources */,
				1CD33D758E0CDE3FF7AD41EC /* IRefairButtonStyles.swift in Sources */,
				29E25F39FB4053DA6482E56A /* IRefairForm.swift in Sources */,
				56E26E86EF35450A9D8BCB66 /* IRefairInputStyles.swift in Sources */,
				6081A6285E3C460596CEA26F /* IRefairSection.swift in Sources */,
				B6C7D8E9F001122334455667 /* ParticlesBackground.swift in Sources */,
				0C6C56C301641119DCB0CE5A /* KeychainStore.swift in Sources */,
				245E02D10EB00EDF87F9EAD8 /* Localization.swift in Sources */,
				85DC4C09AE2797D28C5BD414 /* MultipartFormData.swift in Sources */,
				A480740D61EF20B786598A13 /* NetworkMonitor.swift in Sources */,
				E64F576F68877008C9C34688 /* ReferrerPortalView.swift in Sources */,
				C3F75187AE724FC3F5DC7406 /* ReferrerRegistrationView.swift in Sources */,
				468CAE4DBA3FA1915FFD92E7 /* ReferrerView.swift in Sources */,
				A2EA45701FE8C4D28F6EB61A /* SettingsView.swift in Sources */,
				CF65460D6FEA3892980C7469 /* StatusBanner.swift in Sources */,
				22012686E049ED4D2B8E06B6 /* Telemetry.swift in Sources */,
				548B8FF3BF06EB6CB74152B3 /* Theme.swift in Sources */,
				6F171B620EE7E5C0E44D5912 /* Validation.swift in Sources */,
				6643679DC9CCDBB81B786909 /* iRefairApp.swift in Sources */,
			);
			runOnlyForDeploymentPostprocessing = 0;
		};
/* End PBXSourcesBuildPhase section */

/* Begin PBXVariantGroup section */
		5F22F0CEA10D6EDD07A1C163 /* InfoPlist.strings */ = {
			isa = PBXVariantGroup;
			children = (
				4498986BFB4411A3B6B525D6 /* en */,
				12F5BF043515B1D068508B84 /* fr */,
			);
			name = InfoPlist.strings;
			sourceTree = "<group>";
		};
		CD4E954B0AC038EF087639D2 /* Localizable.strings */ = {
			isa = PBXVariantGroup;
			children = (
				62A813E10C7B7173C11FB63E /* en */,
				FF34314CEFD6D5F1B947291B /* fr */,
			);
			name = Localizable.strings;
			sourceTree = "<group>";
		};
/* End PBXVariantGroup section */

/* Begin XCBuildConfiguration section */
		1A2C6C9F53D29BF6A20252C1 /* Debug */ = {
			isa = XCBuildConfiguration;
			buildSettings = {
				ASSETCATALOG_COMPILER_APPICON_NAME = AppIcon;
				CODE_SIGN_ENTITLEMENTS = iRefairApp/iRefairApp.entitlements;
				CODE_SIGN_IDENTITY = "iPhone Developer";
				CURRENT_PROJECT_VERSION = 1;
				DEVELOPMENT_TEAM = TAUDY2MPCD;
				INFOPLIST_FILE = iRefairApp/Info.plist;
				LD_RUNPATH_SEARCH_PATHS = (
					"$(inherited)",
					"@executable_path/Frameworks",
				);
				MARKETING_VERSION = 1.0.0;
				PRODUCT_BUNDLE_IDENTIFIER = com.irefair.app;
				SDKROOT = iphoneos;
				TARGETED_DEVICE_FAMILY = "1,2";
			};
			name = Debug;
		};
		3CC9D79051AE6F4A7D65F556 /* Release */ = {
			isa = XCBuildConfiguration;
			buildSettings = {
				ASSETCATALOG_COMPILER_APPICON_NAME = AppIcon;
				CODE_SIGN_ENTITLEMENTS = iRefairApp/iRefairApp.entitlements;
				CODE_SIGN_IDENTITY = "iPhone Developer";
				CURRENT_PROJECT_VERSION = 1;
				DEVELOPMENT_TEAM = TAUDY2MPCD;
				INFOPLIST_FILE = iRefairApp/Info.plist;
				LD_RUNPATH_SEARCH_PATHS = (
					"$(inherited)",
					"@executable_path/Frameworks",
				);
				MARKETING_VERSION = 1.0.0;
				PRODUCT_BUNDLE_IDENTIFIER = com.irefair.app;
				SDKROOT = iphoneos;
				TARGETED_DEVICE_FAMILY = "1,2";
			};
			name = Release;
		};
		404B6AB26F22C332E13E515C /* Debug */ = {
			isa = XCBuildConfiguration;
			buildSettings = {
				ALWAYS_SEARCH_USER_PATHS = NO;
				ASSETCATALOG_COMPILER_APPICON_NAME = AppIcon;
				CLANG_ANALYZER_NONNULL = YES;
				CLANG_ANALYZER_NUMBER_OBJECT_CONVERSION = YES_AGGRESSIVE;
				CLANG_CXX_LANGUAGE_STANDARD = "gnu++14";
				CLANG_CXX_LIBRARY = "libc++";
				CLANG_ENABLE_MODULES = YES;
				CLANG_ENABLE_OBJC_ARC = YES;
				CLANG_ENABLE_OBJC_WEAK = YES;
				CLANG_WARN_BLOCK_CAPTURE_AUTORELEASING = YES;
				CLANG_WARN_BOOL_CONVERSION = YES;
				CLANG_WARN_COMMA = YES;
				CLANG_WARN_CONSTANT_CONVERSION = YES;
				CLANG_WARN_DEPRECATED_OBJC_IMPLEMENTATIONS = YES;
				CLANG_WARN_DIRECT_OBJC_ISA_USAGE = YES_ERROR;
				CLANG_WARN_DOCUMENTATION_COMMENTS = YES;
				CLANG_WARN_EMPTY_BODY = YES;
				CLANG_WARN_ENUM_CONVERSION = YES;
				CLANG_WARN_INFINITE_RECURSION = YES;
				CLANG_WARN_INT_CONVERSION = YES;
				CLANG_WARN_NON_LITERAL_NULL_CONVERSION = YES;
				CLANG_WARN_OBJC_IMPLICIT_RETAIN_SELF = YES;
				CLANG_WARN_OBJC_LITERAL_CONVERSION = YES;
				CLANG_WARN_OBJC_ROOT_CLASS = YES_ERROR;
				CLANG_WARN_QUOTED_INCLUDE_IN_FRAMEWORK_HEADER = YES;
				CLANG_WARN_RANGE_LOOP_ANALYSIS = YES;
				CLANG_WARN_STRICT_PROTOTYPES = YES;
				CLANG_WARN_SUSPICIOUS_MOVE = YES;
				CLANG_WARN_UNGUARDED_AVAILABILITY = YES_AGGRESSIVE;
				CLANG_WARN_UNREACHABLE_CODE = YES;
				CLANG_WARN__DUPLICATE_METHOD_MATCH = YES;
				COPY_PHASE_STRIP = NO;
				DEBUG_INFORMATION_FORMAT = dwarf;
				ENABLE_STRICT_OBJC_MSGSEND = YES;
				ENABLE_TESTABILITY = YES;
				GCC_C_LANGUAGE_STANDARD = gnu11;
				GCC_DYNAMIC_NO_PIC = NO;
				GCC_NO_COMMON_BLOCKS = YES;
				GCC_OPTIMIZATION_LEVEL = 0;
				GCC_PREPROCESSOR_DEFINITIONS = (
					"$(inherited)",
					"DEBUG=1",
				);
				GCC_WARN_64_TO_32_BIT_CONVERSION = YES;
				GCC_WARN_ABOUT_RETURN_TYPE = YES_ERROR;
				GCC_WARN_UNDECLARED_SELECTOR = YES;
				GCC_WARN_UNINITIALIZED_AUTOS = YES_AGGRESSIVE;
				GCC_WARN_UNUSED_FUNCTION = YES;
				GCC_WARN_UNUSED_VARIABLE = YES;
				IPHONEOS_DEPLOYMENT_TARGET = 16.0;
				MTL_ENABLE_DEBUG_INFO = INCLUDE_SOURCE;
				MTL_FAST_MATH = YES;
				ONLY_ACTIVE_ARCH = YES;
				PRODUCT_NAME = iRefair;
				SDKROOT = iphoneos;
				SWIFT_ACTIVE_COMPILATION_CONDITIONS = DEBUG;
				SWIFT_OPTIMIZATION_LEVEL = "-Onone";
				SWIFT_VERSION = 5.9;
				TARGETED_DEVICE_FAMILY = 1;
			};
			name = Debug;
		};
		4B0C7A000822334525F6E70E /* Release */ = {
			isa = XCBuildConfiguration;
			buildSettings = {
				ALWAYS_SEARCH_USER_PATHS = NO;
				ASSETCATALOG_COMPILER_APPICON_NAME = AppIcon;
				CLANG_ANALYZER_NONNULL = YES;
				CLANG_ANALYZER_NUMBER_OBJECT_CONVERSION = YES_AGGRESSIVE;
				CLANG_CXX_LANGUAGE_STANDARD = "gnu++14";
				CLANG_CXX_LIBRARY = "libc++";
				CLANG_ENABLE_MODULES = YES;
				CLANG_ENABLE_OBJC_ARC = YES;
				CLANG_ENABLE_OBJC_WEAK = YES;
				CLANG_WARN_BLOCK_CAPTURE_AUTORELEASING = YES;
				CLANG_WARN_BOOL_CONVERSION = YES;
				CLANG_WARN_COMMA = YES;
				CLANG_WARN_CONSTANT_CONVERSION = YES;
				CLANG_WARN_DEPRECATED_OBJC_IMPLEMENTATIONS = YES;
				CLANG_WARN_DIRECT_OBJC_ISA_USAGE = YES_ERROR;
				CLANG_WARN_DOCUMENTATION_COMMENTS = YES;
				CLANG_WARN_EMPTY_BODY = YES;
				CLANG_WARN_ENUM_CONVERSION = YES;
				CLANG_WARN_INFINITE_RECURSION = YES;
				CLANG_WARN_INT_CONVERSION = YES;
				CLANG_WARN_NON_LITERAL_NULL_CONVERSION = YES;
				CLANG_WARN_OBJC_IMPLICIT_RETAIN_SELF = YES;
				CLANG_WARN_OBJC_LITERAL_CONVERSION = YES;
				CLANG_WARN_OBJC_ROOT_CLASS = YES_ERROR;
				CLANG_WARN_QUOTED_INCLUDE_IN_FRAMEWORK_HEADER = YES;
				CLANG_WARN_RANGE_LOOP_ANALYSIS = YES;
				CLANG_WARN_STRICT_PROTOTYPES = YES;
				CLANG_WARN_SUSPICIOUS_MOVE = YES;
				CLANG_WARN_UNGUARDED_AVAILABILITY = YES_AGGRESSIVE;
				CLANG_WARN_UNREACHABLE_CODE = YES;
				CLANG_WARN__DUPLICATE_METHOD_MATCH = YES;
				COPY_PHASE_STRIP = NO;
				DEBUG_INFORMATION_FORMAT = "dwarf-with-dsym";
				ENABLE_NS_ASSERTIONS = NO;
				ENABLE_STRICT_OBJC_MSGSEND = YES;
				GCC_C_LANGUAGE_STANDARD = gnu11;
				GCC_NO_COMMON_BLOCKS = YES;
				GCC_WARN_64_TO_32_BIT_CONVERSION = YES;
				GCC_WARN_ABOUT_RETURN_TYPE = YES_ERROR;
				GCC_WARN_UNDECLARED_SELECTOR = YES;
				GCC_WARN_UNINITIALIZED_AUTOS = YES_AGGRESSIVE;
				GCC_WARN_UNUSED_FUNCTION = YES;
				GCC_WARN_UNUSED_VARIABLE = YES;
				IPHONEOS_DEPLOYMENT_TARGET = 16.0;
				MTL_ENABLE_DEBUG_INFO = NO;
				MTL_FAST_MATH = YES;
				PRODUCT_NAME = iRefair;
				SDKROOT = iphoneos;
				SWIFT_COMPILATION_MODE = wholemodule;
				SWIFT_OPTIMIZATION_LEVEL = "-O";
				SWIFT_VERSION = 5.9;
				TARGETED_DEVICE_FAMILY = 1;
			};
			name = Release;
		};
/* End XCBuildConfiguration section */

/* Begin XCConfigurationList section */
		3A392503297EBE1AA1DE2290 /* Build configuration list for PBXProject "iRefair" */ = {
			isa = XCConfigurationList;
			buildConfigurations = (
				404B6AB26F22C332E13E515C /* Debug */,
				4B0C7A000822334525F6E70E /* Release */,
			);
			defaultConfigurationIsVisible = 0;
			defaultConfigurationName = Debug;
		};
		59CEDB841432F9C0A923301B /* Build configuration list for PBXNativeTarget "iRefair" */ = {
			isa = XCConfigurationList;
			buildConfigurations = (
				1A2C6C9F53D29BF6A20252C1 /* Debug */,
				3CC9D79051AE6F4A7D65F556 /* Release */,
			);
			defaultConfigurationIsVisible = 0;
			defaultConfigurationName = Debug;
		};
/* End XCConfigurationList section */

/* Begin XCRemoteSwiftPackageReference section */
		3793435ED326579598C0A828 /* XCRemoteSwiftPackageReference "sentry-cocoa" */ = {
			isa = XCRemoteSwiftPackageReference;
			repositoryURL = "https://github.com/getsentry/sentry-cocoa.git";
			requirement = {
				kind = upToNextMajorVersion;
				minimumVersion = 8.0.0;
			};
		};
/* End XCRemoteSwiftPackageReference section */

/* Begin XCSwiftPackageProductDependency section */
		41FDF510170AFF76E32F2C0F /* Sentry */ = {
			isa = XCSwiftPackageProductDependency;
			package = 3793435ED326579598C0A828 /* XCRemoteSwiftPackageReference "sentry-cocoa" */;
			productName = Sentry;
		};
/* End XCSwiftPackageProductDependency section */
	};
	rootObject = 829D8750B46BDCA3304322CA /* Project object */;
}
